// !$*UTF8*$!
{
	archiveVersion = 1;
	classes = {
	};
	objectVersion = 50;
	objects = {

/* Begin PBXBuildFile section */
		5B3D07DC26EA84CA00A2BA24 /* APIResponseModel.swift in Sources */ = {isa = PBXBuildFile; fileRef = 5B3D07DB26EA84CA00A2BA24 /* APIResponseModel.swift */; };
		5B3D07DE26EA855200A2BA24 /* APIWrapper.swift in Sources */ = {isa = PBXBuildFile; fileRef = 5B3D07DD26EA855200A2BA24 /* APIWrapper.swift */; };
		5B3D07E026EA922300A2BA24 /* UserDefaultsWrapper.swift in Sources */ = {isa = PBXBuildFile; fileRef = 5B3D07DF26EA922300A2BA24 /* UserDefaultsWrapper.swift */; };
		5B3D07E226EA9ABB00A2BA24 /* RemediosTomadosModel.swift in Sources */ = {isa = PBXBuildFile; fileRef = 5B3D07E126EA9ABB00A2BA24 /* RemediosTomadosModel.swift */; };
		5B79182526E6DB6200720745 /* ScanView.swift in Sources */ = {isa = PBXBuildFile; fileRef = 5B79182426E6DB6200720745 /* ScanView.swift */; };
		5B79182826E6DD4900720745 /* ScanViewController.swift in Sources */ = {isa = PBXBuildFile; fileRef = 5B79182726E6DD4900720745 /* ScanViewController.swift */; };
		5B79182A26E6DD5C00720745 /* VisionViewController.swift in Sources */ = {isa = PBXBuildFile; fileRef = 5B79182926E6DD5C00720745 /* VisionViewController.swift */; };
		5B7FD0D926E6CF6600ECCE7B /* FeedView.swift in Sources */ = {isa = PBXBuildFile; fileRef = 5B7FD0D826E6CF6600ECCE7B /* FeedView.swift */; };
		5B7FD0DB26E6D23000ECCE7B /* RegisterView.swift in Sources */ = {isa = PBXBuildFile; fileRef = 5B7FD0DA26E6D23000ECCE7B /* RegisterView.swift */; };
		5B836F9B26E15C430061C924 /* Doctor_PillApp.swift in Sources */ = {isa = PBXBuildFile; fileRef = 5B836F9A26E15C430061C924 /* Doctor_PillApp.swift */; };
		5B836F9F26E15C440061C924 /* Assets.xcassets in Resources */ = {isa = PBXBuildFile; fileRef = 5B836F9E26E15C440061C924 /* Assets.xcassets */; };
		5B836FA226E15C440061C924 /* Preview Assets.xcassets in Resources */ = {isa = PBXBuildFile; fileRef = 5B836FA126E15C440061C924 /* Preview Assets.xcassets */; };
		5B9FD5EF26EFD154004B10CC /* ScannerCheckModalView.swift in Sources */ = {isa = PBXBuildFile; fileRef = 5B9FD5EE26EFD154004B10CC /* ScannerCheckModalView.swift */; };
		5BCF3F2D26EBCD0B00CD3B48 /* TabBarView.swift in Sources */ = {isa = PBXBuildFile; fileRef = 5BCF3F2C26EBCD0B00CD3B48 /* TabBarView.swift */; };
		5BCF3F2F26EBCEBF00CD3B48 /* TreatmentsView.swift in Sources */ = {isa = PBXBuildFile; fileRef = 5BCF3F2E26EBCEBF00CD3B48 /* TreatmentsView.swift */; };
		5BCF3F3126EBD0F300CD3B48 /* PreScanView.swift in Sources */ = {isa = PBXBuildFile; fileRef = 5BCF3F3026EBD0F300CD3B48 /* PreScanView.swift */; };
		5BCF3F3326EBDA3500CD3B48 /* TabBarManager.swift in Sources */ = {isa = PBXBuildFile; fileRef = 5BCF3F3226EBDA3500CD3B48 /* TabBarManager.swift */; };
		5BEAC25E26E54A7100034DE6 /* QuandoIngerirModel.swift in Sources */ = {isa = PBXBuildFile; fileRef = 5BEAC25D26E54A7100034DE6 /* QuandoIngerirModel.swift */; };
		5BEAC26026E54CAB00034DE6 /* RemedioModel.swift in Sources */ = {isa = PBXBuildFile; fileRef = 5BEAC25F26E54CAB00034DE6 /* RemedioModel.swift */; };
		5BEAC26226E54FF300034DE6 /* TratamentoModel.swift in Sources */ = {isa = PBXBuildFile; fileRef = 5BEAC26126E54FF300034DE6 /* TratamentoModel.swift */; };
		5BEAC26426E5512600034DE6 /* TratamentosManager.swift in Sources */ = {isa = PBXBuildFile; fileRef = 5BEAC26326E5512600034DE6 /* TratamentosManager.swift */; };
		5BEAC26626E551AF00034DE6 /* DiaManager.swift in Sources */ = {isa = PBXBuildFile; fileRef = 5BEAC26526E551AF00034DE6 /* DiaManager.swift */; };
/* End PBXBuildFile section */

/* Begin PBXFileReference section */
		5B3D07DB26EA84CA00A2BA24 /* APIResponseModel.swift */ = {isa = PBXFileReference; lastKnownFileType = sourcecode.swift; path = APIResponseModel.swift; sourceTree = "<group>"; };
		5B3D07DD26EA855200A2BA24 /* APIWrapper.swift */ = {isa = PBXFileReference; lastKnownFileType = sourcecode.swift; path = APIWrapper.swift; sourceTree = "<group>"; };
		5B3D07DF26EA922300A2BA24 /* UserDefaultsWrapper.swift */ = {isa = PBXFileReference; lastKnownFileType = sourcecode.swift; path = UserDefaultsWrapper.swift; sourceTree = "<group>"; };
		5B3D07E126EA9ABB00A2BA24 /* RemediosTomadosModel.swift */ = {isa = PBXFileReference; lastKnownFileType = sourcecode.swift; path = RemediosTomadosModel.swift; sourceTree = "<group>"; };
		5B79182426E6DB6200720745 /* ScanView.swift */ = {isa = PBXFileReference; lastKnownFileType = sourcecode.swift; path = ScanView.swift; sourceTree = "<group>"; };
		5B79182726E6DD4900720745 /* ScanViewController.swift */ = {isa = PBXFileReference; lastKnownFileType = sourcecode.swift; path = ScanViewController.swift; sourceTree = "<group>"; };
		5B79182926E6DD5C00720745 /* VisionViewController.swift */ = {isa = PBXFileReference; lastKnownFileType = sourcecode.swift; path = VisionViewController.swift; sourceTree = "<group>"; };
		5B7FD0D826E6CF6600ECCE7B /* FeedView.swift */ = {isa = PBXFileReference; lastKnownFileType = sourcecode.swift; path = FeedView.swift; sourceTree = "<group>"; };
		5B7FD0DA26E6D23000ECCE7B /* RegisterView.swift */ = {isa = PBXFileReference; lastKnownFileType = sourcecode.swift; path = RegisterView.swift; sourceTree = "<group>"; };
		5B836F9726E15C430061C924 /* Doctor Pill.app */ = {isa = PBXFileReference; explicitFileType = wrapper.application; includeInIndex = 0; path = "Doctor Pill.app"; sourceTree = BUILT_PRODUCTS_DIR; };
		5B836F9A26E15C430061C924 /* Doctor_PillApp.swift */ = {isa = PBXFileReference; lastKnownFileType = sourcecode.swift; path = Doctor_PillApp.swift; sourceTree = "<group>"; };
		5B836F9E26E15C440061C924 /* Assets.xcassets */ = {isa = PBXFileReference; lastKnownFileType = folder.assetcatalog; path = Assets.xcassets; sourceTree = "<group>"; };
		5B836FA126E15C440061C924 /* Preview Assets.xcassets */ = {isa = PBXFileReference; lastKnownFileType = folder.assetcatalog; path = "Preview Assets.xcassets"; sourceTree = "<group>"; };
		5B836FA326E15C440061C924 /* Info.plist */ = {isa = PBXFileReference; lastKnownFileType = text.plist.xml; path = Info.plist; sourceTree = "<group>"; };
		5B9FD5EE26EFD154004B10CC /* ScannerCheckModalView.swift */ = {isa = PBXFileReference; lastKnownFileType = sourcecode.swift; path = ScannerCheckModalView.swift; sourceTree = "<group>"; };
		5BCF3F2C26EBCD0B00CD3B48 /* TabBarView.swift */ = {isa = PBXFileReference; lastKnownFileType = sourcecode.swift; path = TabBarView.swift; sourceTree = "<group>"; };
		5BCF3F2E26EBCEBF00CD3B48 /* TreatmentsView.swift */ = {isa = PBXFileReference; lastKnownFileType = sourcecode.swift; path = TreatmentsView.swift; sourceTree = "<group>"; };
		5BCF3F3026EBD0F300CD3B48 /* PreScanView.swift */ = {isa = PBXFileReference; lastKnownFileType = sourcecode.swift; path = PreScanView.swift; sourceTree = "<group>"; };
		5BCF3F3226EBDA3500CD3B48 /* TabBarManager.swift */ = {isa = PBXFileReference; lastKnownFileType = sourcecode.swift; path = TabBarManager.swift; sourceTree = "<group>"; };
		5BEAC25D26E54A7100034DE6 /* QuandoIngerirModel.swift */ = {isa = PBXFileReference; lastKnownFileType = sourcecode.swift; path = QuandoIngerirModel.swift; sourceTree = "<group>"; };
		5BEAC25F26E54CAB00034DE6 /* RemedioModel.swift */ = {isa = PBXFileReference; lastKnownFileType = sourcecode.swift; path = RemedioModel.swift; sourceTree = "<group>"; };
		5BEAC26126E54FF300034DE6 /* TratamentoModel.swift */ = {isa = PBXFileReference; lastKnownFileType = sourcecode.swift; path = TratamentoModel.swift; sourceTree = "<group>"; };
		5BEAC26326E5512600034DE6 /* TratamentosManager.swift */ = {isa = PBXFileReference; lastKnownFileType = sourcecode.swift; path = TratamentosManager.swift; sourceTree = "<group>"; };
		5BEAC26526E551AF00034DE6 /* DiaManager.swift */ = {isa = PBXFileReference; lastKnownFileType = sourcecode.swift; path = DiaManager.swift; sourceTree = "<group>"; };
/* End PBXFileReference section */

/* Begin PBXFrameworksBuildPhase section */
		5B836F9426E15C430061C924 /* Frameworks */ = {
			isa = PBXFrameworksBuildPhase;
			buildActionMask = 2147483647;
			files = (
			);
			runOnlyForDeploymentPostprocessing = 0;
		};
/* End PBXFrameworksBuildPhase section */

/* Begin PBXGroup section */
		5B3D07DA26EA837D00A2BA24 /* API */ = {
			isa = PBXGroup;
			children = (
				5B3D07DD26EA855200A2BA24 /* APIWrapper.swift */,
			);
			path = API;
			sourceTree = "<group>";
		};
		5B79182626E6DBCD00720745 /* Scanner */ = {
			isa = PBXGroup;
			children = (
				5B79182726E6DD4900720745 /* ScanViewController.swift */,
				5B79182926E6DD5C00720745 /* VisionViewController.swift */,
			);
			path = Scanner;
			sourceTree = "<group>";
		};
		5B836F8E26E15C430061C924 = {
			isa = PBXGroup;
			children = (
				5B836F9926E15C430061C924 /* Doctor Pill */,
				5B836F9826E15C430061C924 /* Products */,
			);
			sourceTree = "<group>";
		};
		5B836F9826E15C430061C924 /* Products */ = {
			isa = PBXGroup;
			children = (
				5B836F9726E15C430061C924 /* Doctor Pill.app */,
			);
			name = Products;
			sourceTree = "<group>";
		};
		5B836F9926E15C430061C924 /* Doctor Pill */ = {
			isa = PBXGroup;
			children = (
				5BEAC25C26E54A4800034DE6 /* View Model */,
				5BEAC25B26E54A4100034DE6 /* View */,
				5BEAC25A26E54A3800034DE6 /* Model */,
				5B836F9A26E15C430061C924 /* Doctor_PillApp.swift */,
				5B836F9E26E15C440061C924 /* Assets.xcassets */,
				5B836FA326E15C440061C924 /* Info.plist */,
				5B836FA026E15C440061C924 /* Preview Content */,
			);
			path = "Doctor Pill";
			sourceTree = "<group>";
		};
		5B836FA026E15C440061C924 /* Preview Content */ = {
			isa = PBXGroup;
			children = (
				5B836FA126E15C440061C924 /* Preview Assets.xcassets */,
			);
			path = "Preview Content";
			sourceTree = "<group>";
		};
		5B9FD5EB26EFD128004B10CC /* Modal */ = {
			isa = PBXGroup;
			children = (
				5B9FD5EE26EFD154004B10CC /* ScannerCheckModalView.swift */,
			);
			path = Modal;
			sourceTree = "<group>";
		};
		5BEAC25A26E54A3800034DE6 /* Model */ = {
			isa = PBXGroup;
			children = (
				5BEAC25D26E54A7100034DE6 /* QuandoIngerirModel.swift */,
				5BEAC25F26E54CAB00034DE6 /* RemedioModel.swift */,
				5BEAC26126E54FF300034DE6 /* TratamentoModel.swift */,
				5B3D07DB26EA84CA00A2BA24 /* APIResponseModel.swift */,
				5B3D07E126EA9ABB00A2BA24 /* RemediosTomadosModel.swift */,
			);
			path = Model;
			sourceTree = "<group>";
		};
		5BEAC25B26E54A4100034DE6 /* View */ = {
			isa = PBXGroup;
			children = (
				5B9FD5EB26EFD128004B10CC /* Modal */,
				5B7FD0D826E6CF6600ECCE7B /* FeedView.swift */,
				5B7FD0DA26E6D23000ECCE7B /* RegisterView.swift */,
				5B79182426E6DB6200720745 /* ScanView.swift */,
				5BCF3F2C26EBCD0B00CD3B48 /* TabBarView.swift */,
				5BCF3F2E26EBCEBF00CD3B48 /* TreatmentsView.swift */,
				5BCF3F3026EBD0F300CD3B48 /* PreScanView.swift */,
			);
			path = View;
			sourceTree = "<group>";
		};
		5BEAC25C26E54A4800034DE6 /* View Model */ = {
			isa = PBXGroup;
			children = (
				5B3D07DA26EA837D00A2BA24 /* API */,
				5B79182626E6DBCD00720745 /* Scanner */,
				5BEAC26326E5512600034DE6 /* TratamentosManager.swift */,
				5BEAC26526E551AF00034DE6 /* DiaManager.swift */,
				5B3D07DF26EA922300A2BA24 /* UserDefaultsWrapper.swift */,
				5BCF3F3226EBDA3500CD3B48 /* TabBarManager.swift */,
			);
			path = "View Model";
			sourceTree = "<group>";
		};
/* End PBXGroup section */

/* Begin PBXNativeTarget section */
		5B836F9626E15C430061C924 /* Doctor Pill */ = {
			isa = PBXNativeTarget;
			buildConfigurationList = 5B836FA626E15C440061C924 /* Build configuration list for PBXNativeTarget "Doctor Pill" */;
			buildPhases = (
				5B836F9326E15C430061C924 /* Sources */,
				5B836F9426E15C430061C924 /* Frameworks */,
				5B836F9526E15C430061C924 /* Resources */,
			);
			buildRules = (
			);
			dependencies = (
			);
			name = "Doctor Pill";
			productName = "Doctor Pill";
			productReference = 5B836F9726E15C430061C924 /* Doctor Pill.app */;
			productType = "com.apple.product-type.application";
		};
/* End PBXNativeTarget section */

/* Begin PBXProject section */
		5B836F8F26E15C430061C924 /* Project object */ = {
			isa = PBXProject;
			attributes = {
				LastSwiftUpdateCheck = 1250;
				LastUpgradeCheck = 1250;
				TargetAttributes = {
					5B836F9626E15C430061C924 = {
						CreatedOnToolsVersion = 12.5.1;
					};
				};
			};
			buildConfigurationList = 5B836F9226E15C430061C924 /* Build configuration list for PBXProject "Doctor Pill" */;
			compatibilityVersion = "Xcode 9.3";
			developmentRegion = en;
			hasScannedForEncodings = 0;
			knownRegions = (
				en,
				Base,
			);
			mainGroup = 5B836F8E26E15C430061C924;
			productRefGroup = 5B836F9826E15C430061C924 /* Products */;
			projectDirPath = "";
			projectRoot = "";
			targets = (
				5B836F9626E15C430061C924 /* Doctor Pill */,
			);
		};
/* End PBXProject section */

/* Begin PBXResourcesBuildPhase section */
		5B836F9526E15C430061C924 /* Resources */ = {
			isa = PBXResourcesBuildPhase;
			buildActionMask = 2147483647;
			files = (
				5B836FA226E15C440061C924 /* Preview Assets.xcassets in Resources */,
				5B836F9F26E15C440061C924 /* Assets.xcassets in Resources */,
			);
			runOnlyForDeploymentPostprocessing = 0;
		};
/* End PBXResourcesBuildPhase section */

/* Begin PBXSourcesBuildPhase section */
		5B836F9326E15C430061C924 /* Sources */ = {
			isa = PBXSourcesBuildPhase;
			buildActionMask = 2147483647;
			files = (
				5B3D07E026EA922300A2BA24 /* UserDefaultsWrapper.swift in Sources */,
				5B7FD0DB26E6D23000ECCE7B /* RegisterView.swift in Sources */,
				5B9FD5EF26EFD154004B10CC /* ScannerCheckModalView.swift in Sources */,
				5BCF3F2D26EBCD0B00CD3B48 /* TabBarView.swift in Sources */,
				5B7FD0D926E6CF6600ECCE7B /* FeedView.swift in Sources */,
				5BCF3F2F26EBCEBF00CD3B48 /* TreatmentsView.swift in Sources */,
				5BEAC26426E5512600034DE6 /* TratamentosManager.swift in Sources */,
				5B3D07DE26EA855200A2BA24 /* APIWrapper.swift in Sources */,
				5B79182826E6DD4900720745 /* ScanViewController.swift in Sources */,
				5B79182A26E6DD5C00720745 /* VisionViewController.swift in Sources */,
				5BCF3F3126EBD0F300CD3B48 /* PreScanView.swift in Sources */,
				5BEAC25E26E54A7100034DE6 /* QuandoIngerirModel.swift in Sources */,
				5B836F9B26E15C430061C924 /* Doctor_PillApp.swift in Sources */,
				5B3D07DC26EA84CA00A2BA24 /* APIResponseModel.swift in Sources */,
				5BEAC26026E54CAB00034DE6 /* RemedioModel.swift in Sources */,
				5BCF3F3326EBDA3500CD3B48 /* TabBarManager.swift in Sources */,
				5B79182526E6DB6200720745 /* ScanView.swift in Sources */,
				5BEAC26626E551AF00034DE6 /* DiaManager.swift in Sources */,
				5BEAC26226E54FF300034DE6 /* TratamentoModel.swift in Sources */,
				5B3D07E226EA9ABB00A2BA24 /* RemediosTomadosModel.swift in Sources */,
			);
			runOnlyForDeploymentPostprocessing = 0;
		};
/* End PBXSourcesBuildPhase section */

/* Begin XCBuildConfiguration section */
		5B836FA426E15C440061C924 /* Debug */ = {
			isa = XCBuildConfiguration;
			buildSettings = {
				ALWAYS_SEARCH_USER_PATHS = NO;
				CLANG_ANALYZER_NONNULL = YES;
				CLANG_ANALYZER_NUMBER_OBJECT_CONVERSION = YES_AGGRESSIVE;
				CLANG_CXX_LANGUAGE_STANDARD = "gnu++14";
				CLANG_CXX_LIBRARY = "libc++";
				CLANG_ENABLE_MODULES = YES;
				CLANG_ENABLE_OBJC_ARC = YES;
				CLANG_ENABLE_OBJC_WEAK = YES;
				CLANG_WARN_BLOCK_CAPTURE_AUTORELEASING = YES;
				CLANG_WARN_BOOL_CONVERSION = YES;
				CLANG_WARN_COMMA = YES;
				CLANG_WARN_CONSTANT_CONVERSION = YES;
				CLANG_WARN_DEPRECATED_OBJC_IMPLEMENTATIONS = YES;
				CLANG_WARN_DIRECT_OBJC_ISA_USAGE = YES_ERROR;
				CLANG_WARN_DOCUMENTATION_COMMENTS = YES;
				CLANG_WARN_EMPTY_BODY = YES;
				CLANG_WARN_ENUM_CONVERSION = YES;
				CLANG_WARN_INFINITE_RECURSION = YES;
				CLANG_WARN_INT_CONVERSION = YES;
				CLANG_WARN_NON_LITERAL_NULL_CONVERSION = YES;
				CLANG_WARN_OBJC_IMPLICIT_RETAIN_SELF = YES;
				CLANG_WARN_OBJC_LITERAL_CONVERSION = YES;
				CLANG_WARN_OBJC_ROOT_CLASS = YES_ERROR;
				CLANG_WARN_QUOTED_INCLUDE_IN_FRAMEWORK_HEADER = YES;
				CLANG_WARN_RANGE_LOOP_ANALYSIS = YES;
				CLANG_WARN_STRICT_PROTOTYPES = YES;
				CLANG_WARN_SUSPICIOUS_MOVE = YES;
				CLANG_WARN_UNGUARDED_AVAILABILITY = YES_AGGRESSIVE;
				CLANG_WARN_UNREACHABLE_CODE = YES;
				CLANG_WARN__DUPLICATE_METHOD_MATCH = YES;
				COPY_PHASE_STRIP = NO;
				DEBUG_INFORMATION_FORMAT = dwarf;
				ENABLE_STRICT_OBJC_MSGSEND = YES;
				ENABLE_TESTABILITY = YES;
				GCC_C_LANGUAGE_STANDARD = gnu11;
				GCC_DYNAMIC_NO_PIC = NO;
				GCC_NO_COMMON_BLOCKS = YES;
				GCC_OPTIMIZATION_LEVEL = 0;
				GCC_PREPROCESSOR_DEFINITIONS = (
					"DEBUG=1",
					"$(inherited)",
				);
				GCC_WARN_64_TO_32_BIT_CONVERSION = YES;
				GCC_WARN_ABOUT_RETURN_TYPE = YES_ERROR;
				GCC_WARN_UNDECLARED_SELECTOR = YES;
				GCC_WARN_UNINITIALIZED_AUTOS = YES_AGGRESSIVE;
				GCC_WARN_UNUSED_FUNCTION = YES;
				GCC_WARN_UNUSED_VARIABLE = YES;
				IPHONEOS_DEPLOYMENT_TARGET = 14.5;
				MTL_ENABLE_DEBUG_INFO = INCLUDE_SOURCE;
				MTL_FAST_MATH = YES;
				ONLY_ACTIVE_ARCH = YES;
				SDKROOT = iphoneos;
				SWIFT_ACTIVE_COMPILATION_CONDITIONS = DEBUG;
				SWIFT_OPTIMIZATION_LEVEL = "-Onone";
			};
			name = Debug;
		};
		5B836FA526E15C440061C924 /* Release */ = {
			isa = XCBuildConfiguration;
			buildSettings = {
				ALWAYS_SEARCH_USER_PATHS = NO;
				CLANG_ANALYZER_NONNULL = YES;
				CLANG_ANALYZER_NUMBER_OBJECT_CONVERSION = YES_AGGRESSIVE;
				CLANG_CXX_LANGUAGE_STANDARD = "gnu++14";
				CLANG_CXX_LIBRARY = "libc++";
				CLANG_ENABLE_MODULES = YES;
				CLANG_ENABLE_OBJC_ARC = YES;
				CLANG_ENABLE_OBJC_WEAK = YES;
				CLANG_WARN_BLOCK_CAPTURE_AUTORELEASING = YES;
				CLANG_WARN_BOOL_CONVERSION = YES;
				CLANG_WARN_COMMA = YES;
				CLANG_WARN_CONSTANT_CONVERSION = YES;
				CLANG_WARN_DEPRECATED_OBJC_IMPLEMENTATIONS = YES;
				CLANG_WARN_DIRECT_OBJC_ISA_USAGE = YES_ERROR;
				CLANG_WARN_DOCUMENTATION_COMMENTS = YES;
				CLANG_WARN_EMPTY_BODY = YES;
				CLANG_WARN_ENUM_CONVERSION = YES;
				CLANG_WARN_INFINITE_RECURSION = YES;
				CLANG_WARN_INT_CONVERSION = YES;
				CLANG_WARN_NON_LITERAL_NULL_CONVERSION = YES;
				CLANG_WARN_OBJC_IMPLICIT_RETAIN_SELF = YES;
				CLANG_WARN_OBJC_LITERAL_CONVERSION = YES;
				CLANG_WARN_OBJC_ROOT_CLASS = YES_ERROR;
				CLANG_WARN_QUOTED_INCLUDE_IN_FRAMEWORK_HEADER = YES;
				CLANG_WARN_RANGE_LOOP_ANALYSIS = YES;
				CLANG_WARN_STRICT_PROTOTYPES = YES;
				CLANG_WARN_SUSPICIOUS_MOVE = YES;
				CLANG_WARN_UNGUARDED_AVAILABILITY = YES_AGGRESSIVE;
				CLANG_WARN_UNREACHABLE_CODE = YES;
				CLANG_WARN__DUPLICATE_METHOD_MATCH = YES;
				COPY_PHASE_STRIP = NO;
				DEBUG_INFORMATION_FORMAT = "dwarf-with-dsym";
				ENABLE_NS_ASSERTIONS = NO;
				ENABLE_STRICT_OBJC_MSGSEND = YES;
				GCC_C_LANGUAGE_STANDARD = gnu11;
				GCC_NO_COMMON_BLOCKS = YES;
				GCC_WARN_64_TO_32_BIT_CONVERSION = YES;
				GCC_WARN_ABOUT_RETURN_TYPE = YES_ERROR;
				GCC_WARN_UNDECLARED_SELECTOR = YES;
				GCC_WARN_UNINITIALIZED_AUTOS = YES_AGGRESSIVE;
				GCC_WARN_UNUSED_FUNCTION = YES;
				GCC_WARN_UNUSED_VARIABLE = YES;
				IPHONEOS_DEPLOYMENT_TARGET = 14.5;
				MTL_ENABLE_DEBUG_INFO = NO;
				MTL_FAST_MATH = YES;
				SDKROOT = iphoneos;
				SWIFT_COMPILATION_MODE = wholemodule;
				SWIFT_OPTIMIZATION_LEVEL = "-O";
				VALIDATE_PRODUCT = YES;
			};
			name = Release;
		};
		5B836FA726E15C440061C924 /* Debug */ = {
			isa = XCBuildConfiguration;
			buildSettings = {
				ASSETCATALOG_COMPILER_APPICON_NAME = AppIcon;
				ASSETCATALOG_COMPILER_GLOBAL_ACCENT_COLOR_NAME = AccentColor;
				CODE_SIGN_STYLE = Automatic;
				DEVELOPMENT_ASSET_PATHS = "\"Doctor Pill/Preview Content\"";
				DEVELOPMENT_TEAM = P9DY7C7A5F;
				ENABLE_PREVIEWS = YES;
				INFOPLIST_FILE = "Doctor Pill/Info.plist";
				IPHONEOS_DEPLOYMENT_TARGET = 14.0;
				LD_RUNPATH_SEARCH_PATHS = (
					"$(inherited)",
					"@executable_path/Frameworks",
				);
				PRODUCT_BUNDLE_IDENTIFIER = "com.pessoal.Doctor-Pill";
				PRODUCT_NAME = "$(TARGET_NAME)";
				SWIFT_VERSION = 5.0;
				TARGETED_DEVICE_FAMILY = "1,2";
			};
			name = Debug;
		};
		5B836FA826E15C440061C924 /* Release */ = {
			isa = XCBuildConfiguration;
			buildSettings = {
				ASSETCATALOG_COMPILER_APPICON_NAME = AppIcon;
				ASSETCATALOG_COMPILER_GLOBAL_ACCENT_COLOR_NAME = AccentColor;
				CODE_SIGN_STYLE = Automatic;
				DEVELOPMENT_ASSET_PATHS = "\"Doctor Pill/Preview Content\"";
				DEVELOPMENT_TEAM = P9DY7C7A5F;
				ENABLE_PREVIEWS = YES;
				INFOPLIST_FILE = "Doctor Pill/Info.plist";
				IPHONEOS_DEPLOYMENT_TARGET = 14.0;
				LD_RUNPATH_SEARCH_PATHS = (
					"$(inherited)",
					"@executable_path/Frameworks",
				);
				PRODUCT_BUNDLE_IDENTIFIER = "com.pessoal.Doctor-Pill";
				PRODUCT_NAME = "$(TARGET_NAME)";
				SWIFT_VERSION = 5.0;
				TARGETED_DEVICE_FAMILY = "1,2";
			};
			name = Release;
		};
/* End XCBuildConfiguration section */

/* Begin XCConfigurationList section */
		5B836F9226E15C430061C924 /* Build configuration list for PBXProject "Doctor Pill" */ = {
			isa = XCConfigurationList;
			buildConfigurations = (
				5B836FA426E15C440061C924 /* Debug */,
				5B836FA526E15C440061C924 /* Release */,
			);
			defaultConfigurationIsVisible = 0;
			defaultConfigurationName = Release;
		};
		5B836FA626E15C440061C924 /* Build configuration list for PBXNativeTarget "Doctor Pill" */ = {
			isa = XCConfigurationList;
			buildConfigurations = (
				5B836FA726E15C440061C924 /* Debug */,
				5B836FA826E15C440061C924 /* Release */,
			);
			defaultConfigurationIsVisible = 0;
			defaultConfigurationName = Release;
		};
/* End XCConfigurationList section */
	};
	rootObject = 5B836F8F26E15C430061C924 /* Project object */;
}
